
Microsoft Visual Studio Solution File, Format Version 12.00
# Visual Studio Version 17
VisualStudioVersion = 17.9.34728.123
MinimumVisualStudioVersion = 10.0.40219.1
Project("{9A19103F-16F7-4668-BE54-9A1E7A4F7556}") = "AromaticGardener.Web", "AromaticGardener.Web\AromaticGardener.Web.csproj", "{53A1799C-13B4-4EAF-90FF-8C88B365AAA5}"
	ProjectSection(ProjectDependencies) = postProject
		{DDA5FC6B-EAFD-49FA-897B-854B6BCA3610} = {DDA5FC6B-EAFD-49FA-897B-854B6BCA3610}
	EndProjectSection
EndProject
Project("{9A19103F-16F7-4668-BE54-9A1E7A4F7556}") = "AromaticGardener.Domain", "AromaticGardener.Domain\AromaticGardener.Domain.csproj", "{58D7EF59-FACB-4EB1-B56B-E6189BB570EE}"
EndProject
Project("{9A19103F-16F7-4668-BE54-9A1E7A4F7556}") = "AromaticGardener.Application", "AromaticGardener.Application\AromaticGardener.Application.csproj", "{DDA5FC6B-EAFD-49FA-897B-854B6BCA3610}"
EndProject
Project("{9A19103F-16F7-4668-BE54-9A1E7A4F7556}") = "AromaticGardener.Infrastructure", "AromaticGardener.Infrastructure\AromaticGardener.Infrastructure.csproj", "{53FE0BC3-43E6-4F9C-B599-F415350DA28E}"
EndProject
Global
	GlobalSection(SolutionConfigurationPlatforms) = preSolution
		Debug|Any CPU = Debug|Any CPU
		Release|Any CPU = Release|Any CPU
	EndGlobalSection
	GlobalSection(ProjectConfigurationPlatforms) = postSolution
		{53A1799C-13B4-4EAF-90FF-8C88B365AAA5}.Debug|Any CPU.ActiveCfg = Debug|Any CPU
		{53A1799C-13B4-4EAF-90FF-8C88B365AAA5}.Debug|Any CPU.Build.0 = Debug|Any CPU
		{53A1799C-13B4-4EAF-90FF-8C88B365AAA5}.Release|Any CPU.ActiveCfg = Release|Any CPU
		{53A1799C-13B4-4EAF-90FF-8C88B365AAA5}.Release|Any CPU.Build.0 = Release|Any CPU
		{58D7EF59-FACB-4EB1-B56B-E6189BB570EE}.Debug|Any CPU.ActiveCfg = Debug|Any CPU
		{58D7EF59-FACB-4EB1-B56B-E6189BB570EE}.Debug|Any CPU.Build.0 = Debug|Any CPU
		{58D7EF59-FACB-4EB1-B56B-E6189BB570EE}.Release|Any CPU.ActiveCfg = Release|Any CPU
		{58D7EF59-FACB-4EB1-B56B-E6189BB570EE}.Release|Any CPU.Build.0 = Release|Any CPU
		{DDA5FC6B-EAFD-49FA-897B-854B6BCA3610}.Debug|Any CPU.ActiveCfg = Debug|Any CPU
		{DDA5FC6B-EAFD-49FA-897B-854B6BCA3610}.Debug|Any CPU.Build.0 = Debug|Any CPU
		{DDA5FC6B-EAFD-49FA-897B-854B6BCA3610}.Release|Any CPU.ActiveCfg = Release|Any CPU
		{DDA5FC6B-EAFD-49FA-897B-854B6BCA3610}.Release|Any CPU.Build.0 = Release|Any CPU
		{53FE0BC3-43E6-4F9C-B599-F415350DA28E}.Debug|Any CPU.ActiveCfg = Debug|Any CPU
		{53FE0BC3-43E6-4F9C-B599-F415350DA28E}.Debug|Any CPU.Build.0 = Debug|Any CPU
		{53FE0BC3-43E6-4F9C-B599-F415350DA28E}.Release|Any CPU.ActiveCfg = Release|Any CPU
		{53FE0BC3-43E6-4F9C-B599-F415350DA28E}.Release|Any CPU.Build.0 = Release|Any CPU
	EndGlobalSection
	GlobalSection(SolutionProperties) = preSolution
		HideSolutionNode = FALSE
	EndGlobalSection
	GlobalSection(ExtensibilityGlobals) = postSolution
		SolutionGuid = {70E000E8-84BF-47CF-A9EB-0788F3A60201}
	EndGlobalSection
EndGlobal
